<?xml version="1.0" encoding="utf-8"?>
<Project ToolsVersion="4.0" xmlns="http://schemas.microsoft.com/developer/msbuild/2003">
  <ItemGroup>
    <ClCompile Include="..\Src\Galt-Engine\Camera.cpp">
      <Filter>CPP Files</Filter>
    </ClCompile>
    <ClCompile Include="..\Src\Galt-Engine\Window.cpp">
      <Filter>CPP Files</Filter>
    </ClCompile>
    <ClCompile Include="..\Src\Galt-Engine\Timer.cpp">
      <Filter>CPP Files</Filter>
    </ClCompile>
    <ClCompile Include="..\Src\Galt-Engine\Particle.cpp">
      <Filter>CPP Files</Filter>
    </ClCompile>
    <ClCompile Include="..\Src\Galt-Engine\ParticleEmitter.cpp">
      <Filter>CPP Files</Filter>
    </ClCompile>
  </ItemGroup>
  <ItemGroup>
    <ClInclude Include="..\Src\Galt-Engine\Camera.h">
      <Filter>Headers</Filter>
    </ClInclude>
    <ClInclude Include="..\Src\Galt-Engine\Main.h">
      <Filter>Headers</Filter>
    </ClInclude>
    <ClInclude Include="..\Src\Galt-Engine\PhyVec.h">
      <Filter>Headers</Filter>
    </ClInclude>
    <ClInclude Include="..\Src\Galt-Engine\Utility.h">
      <Filter>Headers</Filter>
    </ClInclude>
    <ClInclude Include="..\Src\Galt-Engine\Window.h">
      <Filter>Headers</Filter>
    </ClInclude>
    <ClInclude Include="..\Src\Galt-Engine\Timer.h">
      <Filter>Headers</Filter>
    </ClInclude>
    <ClInclude Include="..\Src\Galt-Engine\KeyInput.h">
      <Filter>Headers</Filter>
    </ClInclude>
    <ClInclude Include="..\Src\Galt-Engine\Particle.h">
      <Filter>Headers</Filter>
    </ClInclude>
    <ClInclude Include="..\Src\Galt-Engine\ParticleEmitter.h">
      <Filter>Headers</Filter>
    </ClInclude>
    <ClInclude Include="..\Src\Galt-Engine\Mouse.h">
      <Filter>Headers</Filter>
    </ClInclude>
    <ClInclude Include="..\Src\Galt-Engine\Point.h">
      <Filter>Headers</Filter>
    </ClInclude>
  </ItemGroup>
  <ItemGroup>
    <Filter Include="Headers">
      <UniqueIdentifier>{587d5f5a-c966-468a-b1cb-2bcf137959be}</UniqueIdentifier>
    </Filter>
    <Filter Include="CPP Files">
      <UniqueIdentifier>{f2dfbb99-174d-42c2-8b0d-b156d0a66d5a}</UniqueIdentifier>
    </Filter>
  </ItemGroup>
</Project>